
Microsoft Visual Studio Solution File, Format Version 12.00
# Visual Studio Version 17
VisualStudioVersion = 17.0.31903.59
MinimumVisualStudioVersion = 10.0.40219.1
Project("{FAE04EC0-301F-11D3-BF4B-00C04F79EFBC}") = "property-grid-demo", "property-grid-demo\property-grid-demo.csproj", "{B2F06997-BA4C-4F63-9BFF-687CA5A74FE2}"
EndProject
Global
	GlobalSection(SolutionConfigurationPlatforms) = preSolution
		Debug|Any CPU = Debug|Any CPU
		Release|Any CPU = Release|Any CPU
	EndGlobalSection
	GlobalSection(ProjectConfigurationPlatforms) = postSolution
		{B2F06997-BA4C-4F63-9BFF-687CA5A74FE2}.Debug|Any CPU.ActiveCfg = Debug|Any CPU
		{B2F06997-BA4C-4F63-9BFF-687CA5A74FE2}.Debug|Any CPU.Build.0 = Debug|Any CPU
		{B2F06997-BA4C-4F63-9BFF-687CA5A74FE2}.Release|Any CPU.ActiveCfg = Release|Any CPU
		{B2F06997-BA4C-4F63-9BFF-687CA5A74FE2}.Release|Any CPU.Build.0 = Release|Any CPU
	EndGlobalSection
	GlobalSection(SolutionProperties) = preSolution
		HideSolutionNode = FALSE
	EndGlobalSection
	GlobalSection(ExtensibilityGlobals) = postSolution
		SolutionGuid = {125F1713-6981-48A3-A925-148283BDA327}
	EndGlobalSection
EndGlobal
